// !$*UTF8*$!
{
	archiveVersion = 1;
	classes = {
	};
	objectVersion = 55;
	objects = {

/* Begin PBXBuildFile section */
		73279E19281B248100B71DBA /* iosApiClientApp.swift in Sources */ = {isa = PBXBuildFile; fileRef = 73279E18281B248100B71DBA /* iosApiClientApp.swift */; };
		73279E1D281B248100B71DBA /* Assets.xcassets in Resources */ = {isa = PBXBuildFile; fileRef = 73279E1C281B248100B71DBA /* Assets.xcassets */; };
		73279E20281B248100B71DBA /* Preview Assets.xcassets in Resources */ = {isa = PBXBuildFile; fileRef = 73279E1F281B248100B71DBA /* Preview Assets.xcassets */; };
		73279E2F281B28A400B71DBA /* HttpClient.swift in Sources */ = {isa = PBXBuildFile; fileRef = 73279E2E281B28A400B71DBA /* HttpClient.swift */; };
		73279E31281B2ABA00B71DBA /* Constants.swift in Sources */ = {isa = PBXBuildFile; fileRef = 73279E30281B2ABA00B71DBA /* Constants.swift */; };
		73279E33281B478200B71DBA /* ModalType.swift in Sources */ = {isa = PBXBuildFile; fileRef = 73279E32281B478200B71DBA /* ModalType.swift */; };
		7386A9C5282EF1E30083684A /* Load.swift in Sources */ = {isa = PBXBuildFile; fileRef = 7386A9C4282EF1E30083684A /* Load.swift */; };
		7386A9C7282EF1ED0083684A /* Unload.swift in Sources */ = {isa = PBXBuildFile; fileRef = 7386A9C6282EF1ED0083684A /* Unload.swift */; };
		7386A9C9282EF5160083684A /* Menu.swift in Sources */ = {isa = PBXBuildFile; fileRef = 7386A9C8282EF5160083684A /* Menu.swift */; };
		7386A9CB282EF8840083684A /* MySettings.swift in Sources */ = {isa = PBXBuildFile; fileRef = 7386A9CA282EF8840083684A /* MySettings.swift */; };
		73BDF910282834580048CAB0 /* Member.swift in Sources */ = {isa = PBXBuildFile; fileRef = 73BDF90F282834580048CAB0 /* Member.swift */; };
		73BDF912282835180048CAB0 /* MemberList.swift in Sources */ = {isa = PBXBuildFile; fileRef = 73BDF911282835180048CAB0 /* MemberList.swift */; };
		73BDF914282836260048CAB0 /* AddUpdateMember.swift in Sources */ = {isa = PBXBuildFile; fileRef = 73BDF913282836260048CAB0 /* AddUpdateMember.swift */; };
		73BDF916282836C50048CAB0 /* AddUpdateMemberViewModel.swift in Sources */ = {isa = PBXBuildFile; fileRef = 73BDF915282836C50048CAB0 /* AddUpdateMemberViewModel.swift */; };
		73BDF918282837920048CAB0 /* MemberListViewModel.swift in Sources */ = {isa = PBXBuildFile; fileRef = 73BDF917282837920048CAB0 /* MemberListViewModel.swift */; };
		73BDF91A28283D3A0048CAB0 /* Home.swift in Sources */ = {isa = PBXBuildFile; fileRef = 73BDF91928283D3A0048CAB0 /* Home.swift */; };
		73C23A892838764D00D2C2A0 /* ScanView.swift in Sources */ = {isa = PBXBuildFile; fileRef = 73C23A882838764D00D2C2A0 /* ScanView.swift */; };
		73C23A8F2838780200D2C2A0 /* ScanBarcodes in Frameworks */ = {isa = PBXBuildFile; productRef = 73C23A8E2838780200D2C2A0 /* ScanBarcodes */; };
		73C23A9228387FC500D2C2A0 /* Barcode.swift in Sources */ = {isa = PBXBuildFile; fileRef = 73C23A9128387FC500D2C2A0 /* Barcode.swift */; };
		73C23A942838805900D2C2A0 /* BarcodeListViewModel.swift in Sources */ = {isa = PBXBuildFile; fileRef = 73C23A932838805900D2C2A0 /* BarcodeListViewModel.swift */; };
		73C23A972838814600D2C2A0 /* Barcodes.swift in Sources */ = {isa = PBXBuildFile; fileRef = 73C23A962838814600D2C2A0 /* Barcodes.swift */; };
		73C23A9B2838846000D2C2A0 /* AddBarcodeViewModel.swift in Sources */ = {isa = PBXBuildFile; fileRef = 73C23A9A2838846000D2C2A0 /* AddBarcodeViewModel.swift */; };
		73F8E98728306FCE00226778 /* Members.swift in Sources */ = {isa = PBXBuildFile; fileRef = 73F8E98628306FCE00226778 /* Members.swift */; };
/* End PBXBuildFile section */

/* Begin PBXFileReference section */
		73279E15281B248100B71DBA /* iosApiClient.app */ = {isa = PBXFileReference; explicitFileType = wrapper.application; includeInIndex = 0; path = iosApiClient.app; sourceTree = BUILT_PRODUCTS_DIR; };
		73279E18281B248100B71DBA /* iosApiClientApp.swift */ = {isa = PBXFileReference; lastKnownFileType = sourcecode.swift; path = iosApiClientApp.swift; sourceTree = "<group>"; };
		73279E1C281B248100B71DBA /* Assets.xcassets */ = {isa = PBXFileReference; lastKnownFileType = folder.assetcatalog; path = Assets.xcassets; sourceTree = "<group>"; };
		73279E1F281B248100B71DBA /* Preview Assets.xcassets */ = {isa = PBXFileReference; lastKnownFileType = folder.assetcatalog; path = "Preview Assets.xcassets"; sourceTree = "<group>"; };
		73279E2E281B28A400B71DBA /* HttpClient.swift */ = {isa = PBXFileReference; lastKnownFileType = sourcecode.swift; path = HttpClient.swift; sourceTree = "<group>"; };
		73279E30281B2ABA00B71DBA /* Constants.swift */ = {isa = PBXFileReference; lastKnownFileType = sourcecode.swift; path = Constants.swift; sourceTree = "<group>"; };
		73279E32281B478200B71DBA /* ModalType.swift */ = {isa = PBXFileReference; lastKnownFileType = sourcecode.swift; path = ModalType.swift; sourceTree = "<group>"; };
		7386A9C4282EF1E30083684A /* Load.swift */ = {isa = PBXFileReference; lastKnownFileType = sourcecode.swift; path = Load.swift; sourceTree = "<group>"; };
		7386A9C6282EF1ED0083684A /* Unload.swift */ = {isa = PBXFileReference; lastKnownFileType = sourcecode.swift; path = Unload.swift; sourceTree = "<group>"; };
		7386A9C8282EF5160083684A /* Menu.swift */ = {isa = PBXFileReference; lastKnownFileType = sourcecode.swift; path = Menu.swift; sourceTree = "<group>"; };
		7386A9CA282EF8840083684A /* MySettings.swift */ = {isa = PBXFileReference; lastKnownFileType = sourcecode.swift; path = MySettings.swift; sourceTree = "<group>"; };
		73BDF90F282834580048CAB0 /* Member.swift */ = {isa = PBXFileReference; lastKnownFileType = sourcecode.swift; path = Member.swift; sourceTree = "<group>"; };
		73BDF911282835180048CAB0 /* MemberList.swift */ = {isa = PBXFileReference; lastKnownFileType = sourcecode.swift; path = MemberList.swift; sourceTree = "<group>"; };
		73BDF913282836260048CAB0 /* AddUpdateMember.swift */ = {isa = PBXFileReference; lastKnownFileType = sourcecode.swift; path = AddUpdateMember.swift; sourceTree = "<group>"; };
		73BDF915282836C50048CAB0 /* AddUpdateMemberViewModel.swift */ = {isa = PBXFileReference; lastKnownFileType = sourcecode.swift; path = AddUpdateMemberViewModel.swift; sourceTree = "<group>"; };
		73BDF917282837920048CAB0 /* MemberListViewModel.swift */ = {isa = PBXFileReference; lastKnownFileType = sourcecode.swift; path = MemberListViewModel.swift; sourceTree = "<group>"; };
		73BDF91928283D3A0048CAB0 /* Home.swift */ = {isa = PBXFileReference; lastKnownFileType = sourcecode.swift; path = Home.swift; sourceTree = "<group>"; };
		73C23A882838764D00D2C2A0 /* ScanView.swift */ = {isa = PBXFileReference; lastKnownFileType = sourcecode.swift; path = ScanView.swift; sourceTree = "<group>"; };
		73C23A9028387DE600D2C2A0 /* Info.plist */ = {isa = PBXFileReference; lastKnownFileType = text.plist; path = Info.plist; sourceTree = "<group>"; };
		73C23A9128387FC500D2C2A0 /* Barcode.swift */ = {isa = PBXFileReference; lastKnownFileType = sourcecode.swift; path = Barcode.swift; sourceTree = "<group>"; };
		73C23A932838805900D2C2A0 /* BarcodeListViewModel.swift */ = {isa = PBXFileReference; lastKnownFileType = sourcecode.swift; path = BarcodeListViewModel.swift; sourceTree = "<group>"; };
		73C23A962838814600D2C2A0 /* Barcodes.swift */ = {isa = PBXFileReference; lastKnownFileType = sourcecode.swift; path = Barcodes.swift; sourceTree = "<group>"; };
		73C23A9A2838846000D2C2A0 /* AddBarcodeViewModel.swift */ = {isa = PBXFileReference; lastKnownFileType = sourcecode.swift; path = AddBarcodeViewModel.swift; sourceTree = "<group>"; };
		73F8E98628306FCE00226778 /* Members.swift */ = {isa = PBXFileReference; lastKnownFileType = sourcecode.swift; path = Members.swift; sourceTree = "<group>"; };
/* End PBXFileReference section */

/* Begin PBXFrameworksBuildPhase section */
		73279E12281B248100B71DBA /* Frameworks */ = {
			isa = PBXFrameworksBuildPhase;
			buildActionMask = 2147483647;
			files = (
				73C23A8F2838780200D2C2A0 /* ScanBarcodes in Frameworks */,
			);
			runOnlyForDeploymentPostprocessing = 0;
		};
/* End PBXFrameworksBuildPhase section */

/* Begin PBXGroup section */
		73279E0C281B248100B71DBA = {
			isa = PBXGroup;
			children = (
				73279E17281B248100B71DBA /* iosApiClient */,
				73279E16281B248100B71DBA /* Products */,
			);
			sourceTree = "<group>";
		};
		73279E16281B248100B71DBA /* Products */ = {
			isa = PBXGroup;
			children = (
				73279E15281B248100B71DBA /* iosApiClient.app */,
			);
			name = Products;
			sourceTree = "<group>";
		};
		73279E17281B248100B71DBA /* iosApiClient */ = {
			isa = PBXGroup;
			children = (
				73C23A952838812800D2C2A0 /* Barcode */,
				73C23A9028387DE600D2C2A0 /* Info.plist */,
				73279E18281B248100B71DBA /* iosApiClientApp.swift */,
				73279E28281B24D300B71DBA /* Views */,
				73279E27281B24C500B71DBA /* View Models */,
				73279E1C281B248100B71DBA /* Assets.xcassets */,
				73279E26281B24BD00B71DBA /* Models */,
				73279E29281B24E500B71DBA /* Utilities */,
				73279E1E281B248100B71DBA /* Preview Content */,
			);
			path = iosApiClient;
			sourceTree = "<group>";
		};
		73279E1E281B248100B71DBA /* Preview Content */ = {
			isa = PBXGroup;
			children = (
				73279E1F281B248100B71DBA /* Preview Assets.xcassets */,
			);
			path = "Preview Content";
			sourceTree = "<group>";
		};
		73279E26281B24BD00B71DBA /* Models */ = {
			isa = PBXGroup;
			children = (
				73BDF90F282834580048CAB0 /* Member.swift */,
			);
			path = Models;
			sourceTree = "<group>";
		};
		73279E27281B24C500B71DBA /* View Models */ = {
			isa = PBXGroup;
			children = (
				73BDF915282836C50048CAB0 /* AddUpdateMemberViewModel.swift */,
				73BDF917282837920048CAB0 /* MemberListViewModel.swift */,
			);
			path = "View Models";
			sourceTree = "<group>";
		};
		73279E28281B24D300B71DBA /* Views */ = {
			isa = PBXGroup;
			children = (
				73BDF91928283D3A0048CAB0 /* Home.swift */,
				7386A9C4282EF1E30083684A /* Load.swift */,
				7386A9C6282EF1ED0083684A /* Unload.swift */,
				7386A9C8282EF5160083684A /* Menu.swift */,
				7386A9CA282EF8840083684A /* MySettings.swift */,
				73F8E98628306FCE00226778 /* Members.swift */,
				73BDF911282835180048CAB0 /* MemberList.swift */,
				73BDF913282836260048CAB0 /* AddUpdateMember.swift */,
			);
			path = Views;
			sourceTree = "<group>";
		};
		73279E29281B24E500B71DBA /* Utilities */ = {
			isa = PBXGroup;
			children = (
				73279E2E281B28A400B71DBA /* HttpClient.swift */,
				73279E30281B2ABA00B71DBA /* Constants.swift */,
				73279E32281B478200B71DBA /* ModalType.swift */,
			);
			path = Utilities;
			sourceTree = "<group>";
		};
		73C23A952838812800D2C2A0 /* Barcode */ = {
			isa = PBXGroup;
			children = (
				73C23A9128387FC500D2C2A0 /* Barcode.swift */,
				73C23A962838814600D2C2A0 /* Barcodes.swift */,
				73C23A882838764D00D2C2A0 /* ScanView.swift */,
				73C23A932838805900D2C2A0 /* BarcodeListViewModel.swift */,
				73C23A9A2838846000D2C2A0 /* AddBarcodeViewModel.swift */,
			);
			path = Barcode;
			sourceTree = "<group>";
		};
/* End PBXGroup section */

/* Begin PBXNativeTarget section */
		73279E14281B248100B71DBA /* iosApiClient */ = {
			isa = PBXNativeTarget;
			buildConfigurationList = 73279E23281B248100B71DBA /* Build configuration list for PBXNativeTarget "iosApiClient" */;
			buildPhases = (
				73279E11281B248100B71DBA /* Sources */,
				73279E12281B248100B71DBA /* Frameworks */,
				73279E13281B248100B71DBA /* Resources */,
			);
			buildRules = (
			);
			dependencies = (
			);
			name = iosApiClient;
			packageProductDependencies = (
				73C23A8E2838780200D2C2A0 /* ScanBarcodes */,
			);
			productName = iosApiClient;
			productReference = 73279E15281B248100B71DBA /* iosApiClient.app */;
			productType = "com.apple.product-type.application";
		};
/* End PBXNativeTarget section */

/* Begin PBXProject section */
		73279E0D281B248100B71DBA /* Project object */ = {
			isa = PBXProject;
			attributes = {
				BuildIndependentTargetsInParallel = 1;
				LastSwiftUpdateCheck = 1330;
				LastUpgradeCheck = 1330;
				TargetAttributes = {
					73279E14281B248100B71DBA = {
						CreatedOnToolsVersion = 13.3.1;
					};
				};
			};
			buildConfigurationList = 73279E10281B248100B71DBA /* Build configuration list for PBXProject "iosApiClient" */;
			compatibilityVersion = "Xcode 13.0";
			developmentRegion = en;
			hasScannedForEncodings = 0;
			knownRegions = (
				en,
				Base,
			);
			mainGroup = 73279E0C281B248100B71DBA;
			packageReferences = (
				73C23A8D2838780200D2C2A0 /* XCRemoteSwiftPackageReference "ScanBarcodes" */,
			);
			productRefGroup = 73279E16281B248100B71DBA /* Products */;
			projectDirPath = "";
			projectRoot = "";
			targets = (
				73279E14281B248100B71DBA /* iosApiClient */,
			);
		};
/* End PBXProject section */

/* Begin PBXResourcesBuildPhase section */
		73279E13281B248100B71DBA /* Resources */ = {
			isa = PBXResourcesBuildPhase;
			buildActionMask = 2147483647;
			files = (
				73279E20281B248100B71DBA /* Preview Assets.xcassets in Resources */,
				73279E1D281B248100B71DBA /* Assets.xcassets in Resources */,
			);
			runOnlyForDeploymentPostprocessing = 0;
		};
/* End PBXResourcesBuildPhase section */

/* Begin PBXSourcesBuildPhase section */
		73279E11281B248100B71DBA /* Sources */ = {
			isa = PBXSourcesBuildPhase;
			buildActionMask = 2147483647;
			files = (
				73BDF918282837920048CAB0 /* MemberListViewModel.swift in Sources */,
				7386A9C5282EF1E30083684A /* Load.swift in Sources */,
				7386A9C9282EF5160083684A /* Menu.swift in Sources */,
				73279E2F281B28A400B71DBA /* HttpClient.swift in Sources */,
				73279E33281B478200B71DBA /* ModalType.swift in Sources */,
				73BDF91A28283D3A0048CAB0 /* Home.swift in Sources */,
				73F8E98728306FCE00226778 /* Members.swift in Sources */,
				73BDF912282835180048CAB0 /* MemberList.swift in Sources */,
				73C23A972838814600D2C2A0 /* Barcodes.swift in Sources */,
				73BDF916282836C50048CAB0 /* AddUpdateMemberViewModel.swift in Sources */,
				73C23A892838764D00D2C2A0 /* ScanView.swift in Sources */,
				73BDF914282836260048CAB0 /* AddUpdateMember.swift in Sources */,
				73279E19281B248100B71DBA /* iosApiClientApp.swift in Sources */,
				73C23A9B2838846000D2C2A0 /* AddBarcodeViewModel.swift in Sources */,
				7386A9CB282EF8840083684A /* MySettings.swift in Sources */,
				73279E31281B2ABA00B71DBA /* Constants.swift in Sources */,
				7386A9C7282EF1ED0083684A /* Unload.swift in Sources */,
				73C23A942838805900D2C2A0 /* BarcodeListViewModel.swift in Sources */,
				73BDF910282834580048CAB0 /* Member.swift in Sources */,
				73C23A9228387FC500D2C2A0 /* Barcode.swift in Sources */,
			);
			runOnlyForDeploymentPostprocessing = 0;
		};
/* End PBXSourcesBuildPhase section */

/* Begin XCBuildConfiguration section */
		73279E21281B248100B71DBA /* Debug */ = {
			isa = XCBuildConfiguration;
			buildSettings = {
				ALWAYS_SEARCH_USER_PATHS = NO;
				CLANG_ANALYZER_NONNULL = YES;
				CLANG_ANALYZER_NUMBER_OBJECT_CONVERSION = YES_AGGRESSIVE;
				CLANG_CXX_LANGUAGE_STANDARD = "gnu++17";
				CLANG_ENABLE_MODULES = YES;
				CLANG_ENABLE_OBJC_ARC = YES;
				CLANG_ENABLE_OBJC_WEAK = YES;
				CLANG_WARN_BLOCK_CAPTURE_AUTORELEASING = YES;
				CLANG_WARN_BOOL_CONVERSION = YES;
				CLANG_WARN_COMMA = YES;
				CLANG_WARN_CONSTANT_CONVERSION = YES;
				CLANG_WARN_DEPRECATED_OBJC_IMPLEMENTATIONS = YES;
				CLANG_WARN_DIRECT_OBJC_ISA_USAGE = YES_ERROR;
				CLANG_WARN_DOCUMENTATION_COMMENTS = YES;
				CLANG_WARN_EMPTY_BODY = YES;
				CLANG_WARN_ENUM_CONVERSION = YES;
				CLANG_WARN_INFINITE_RECURSION = YES;
				CLANG_WARN_INT_CONVERSION = YES;
				CLANG_WARN_NON_LITERAL_NULL_CONVERSION = YES;
				CLANG_WARN_OBJC_IMPLICIT_RETAIN_SELF = YES;
				CLANG_WARN_OBJC_LITERAL_CONVERSION = YES;
				CLANG_WARN_OBJC_ROOT_CLASS = YES_ERROR;
				CLANG_WARN_QUOTED_INCLUDE_IN_FRAMEWORK_HEADER = YES;
				CLANG_WARN_RANGE_LOOP_ANALYSIS = YES;
				CLANG_WARN_STRICT_PROTOTYPES = YES;
				CLANG_WARN_SUSPICIOUS_MOVE = YES;
				CLANG_WARN_UNGUARDED_AVAILABILITY = YES_AGGRESSIVE;
				CLANG_WARN_UNREACHABLE_CODE = YES;
				CLANG_WARN__DUPLICATE_METHOD_MATCH = YES;
				COPY_PHASE_STRIP = NO;
				DEBUG_INFORMATION_FORMAT = dwarf;
				ENABLE_STRICT_OBJC_MSGSEND = YES;
				ENABLE_TESTABILITY = YES;
				GCC_C_LANGUAGE_STANDARD = gnu11;
				GCC_DYNAMIC_NO_PIC = NO;
				GCC_NO_COMMON_BLOCKS = YES;
				GCC_OPTIMIZATION_LEVEL = 0;
				GCC_PREPROCESSOR_DEFINITIONS = (
					"DEBUG=1",
					"$(inherited)",
				);
				GCC_WARN_64_TO_32_BIT_CONVERSION = YES;
				GCC_WARN_ABOUT_RETURN_TYPE = YES_ERROR;
				GCC_WARN_UNDECLARED_SELECTOR = YES;
				GCC_WARN_UNINITIALIZED_AUTOS = YES_AGGRESSIVE;
				GCC_WARN_UNUSED_FUNCTION = YES;
				GCC_WARN_UNUSED_VARIABLE = YES;
				IPHONEOS_DEPLOYMENT_TARGET = 15.4;
				MTL_ENABLE_DEBUG_INFO = INCLUDE_SOURCE;
				MTL_FAST_MATH = YES;
				ONLY_ACTIVE_ARCH = YES;
				SDKROOT = iphoneos;
				SWIFT_ACTIVE_COMPILATION_CONDITIONS = DEBUG;
				SWIFT_OPTIMIZATION_LEVEL = "-Onone";
			};
			name = Debug;
		};
		73279E22281B248100B71DBA /* Release */ = {
			isa = XCBuildConfiguration;
			buildSettings = {
				ALWAYS_SEARCH_USER_PATHS = NO;
				CLANG_ANALYZER_NONNULL = YES;
				CLANG_ANALYZER_NUMBER_OBJECT_CONVERSION = YES_AGGRESSIVE;
				CLANG_CXX_LANGUAGE_STANDARD = "gnu++17";
				CLANG_ENABLE_MODULES = YES;
				CLANG_ENABLE_OBJC_ARC = YES;
				CLANG_ENABLE_OBJC_WEAK = YES;
				CLANG_WARN_BLOCK_CAPTURE_AUTORELEASING = YES;
				CLANG_WARN_BOOL_CONVERSION = YES;
				CLANG_WARN_COMMA = YES;
				CLANG_WARN_CONSTANT_CONVERSION = YES;
				CLANG_WARN_DEPRECATED_OBJC_IMPLEMENTATIONS = YES;
				CLANG_WARN_DIRECT_OBJC_ISA_USAGE = YES_ERROR;
				CLANG_WARN_DOCUMENTATION_COMMENTS = YES;
				CLANG_WARN_EMPTY_BODY = YES;
				CLANG_WARN_ENUM_CONVERSION = YES;
				CLANG_WARN_INFINITE_RECURSION = YES;
				CLANG_WARN_INT_CONVERSION = YES;
				CLANG_WARN_NON_LITERAL_NULL_CONVERSION = YES;
				CLANG_WARN_OBJC_IMPLICIT_RETAIN_SELF = YES;
				CLANG_WARN_OBJC_LITERAL_CONVERSION = YES;
				CLANG_WARN_OBJC_ROOT_CLASS = YES_ERROR;
				CLANG_WARN_QUOTED_INCLUDE_IN_FRAMEWORK_HEADER = YES;
				CLANG_WARN_RANGE_LOOP_ANALYSIS = YES;
				CLANG_WARN_STRICT_PROTOTYPES = YES;
				CLANG_WARN_SUSPICIOUS_MOVE = YES;
				CLANG_WARN_UNGUARDED_AVAILABILITY = YES_AGGRESSIVE;
				CLANG_WARN_UNREACHABLE_CODE = YES;
				CLANG_WARN__DUPLICATE_METHOD_MATCH = YES;
				COPY_PHASE_STRIP = NO;
				DEBUG_INFORMATION_FORMAT = "dwarf-with-dsym";
				ENABLE_NS_ASSERTIONS = NO;
				ENABLE_STRICT_OBJC_MSGSEND = YES;
				GCC_C_LANGUAGE_STANDARD = gnu11;
				GCC_NO_COMMON_BLOCKS = YES;
				GCC_WARN_64_TO_32_BIT_CONVERSION = YES;
				GCC_WARN_ABOUT_RETURN_TYPE = YES_ERROR;
				GCC_WARN_UNDECLARED_SELECTOR = YES;
				GCC_WARN_UNINITIALIZED_AUTOS = YES_AGGRESSIVE;
				GCC_WARN_UNUSED_FUNCTION = YES;
				GCC_WARN_UNUSED_VARIABLE = YES;
				IPHONEOS_DEPLOYMENT_TARGET = 15.4;
				MTL_ENABLE_DEBUG_INFO = NO;
				MTL_FAST_MATH = YES;
				SDKROOT = iphoneos;
				SWIFT_COMPILATION_MODE = wholemodule;
				SWIFT_OPTIMIZATION_LEVEL = "-O";
				VALIDATE_PRODUCT = YES;
			};
			name = Release;
		};
		73279E24281B248100B71DBA /* Debug */ = {
			isa = XCBuildConfiguration;
			buildSettings = {
				ASSETCATALOG_COMPILER_APPICON_NAME = AppIcon;
				ASSETCATALOG_COMPILER_GLOBAL_ACCENT_COLOR_NAME = AccentColor;
				CODE_SIGN_STYLE = Automatic;
				CURRENT_PROJECT_VERSION = 1;
				DEVELOPMENT_ASSET_PATHS = "\"iosApiClient/Preview Content\"";
				DEVELOPMENT_TEAM = 744F8J6XGK;
				ENABLE_PREVIEWS = YES;
				GENERATE_INFOPLIST_FILE = YES;
				INFOPLIST_FILE = iosApiClient/Info.plist;
				INFOPLIST_KEY_NSCameraUsageDescription = "camera use";
				INFOPLIST_KEY_UIApplicationSceneManifest_Generation = YES;
				INFOPLIST_KEY_UIApplicationSupportsIndirectInputEvents = YES;
				INFOPLIST_KEY_UILaunchScreen_Generation = YES;
				INFOPLIST_KEY_UISupportedInterfaceOrientations_iPad = "UIInterfaceOrientationPortrait UIInterfaceOrientationPortraitUpsideDown UIInterfaceOrientationLandscapeLeft UIInterfaceOrientationLandscapeRight";
				INFOPLIST_KEY_UISupportedInterfaceOrientations_iPhone = "UIInterfaceOrientationPortrait UIInterfaceOrientationLandscapeLeft UIInterfaceOrientationLandscapeRight";
				IPHONEOS_DEPLOYMENT_TARGET = 15.4;
				LD_RUNPATH_SEARCH_PATHS = (
					"$(inherited)",
					"@executable_path/Frameworks",
				);
				MARKETING_VERSION = 1.0;
				PRODUCT_BUNDLE_IDENTIFIER = com.zvco.iosApiClient;
				PRODUCT_NAME = "$(TARGET_NAME)";
				SWIFT_EMIT_LOC_STRINGS = YES;
				SWIFT_VERSION = 5.0;
				TARGETED_DEVICE_FAMILY = "1,2";
			};
			name = Debug;
		};
		73279E25281B248100B71DBA /* Release */ = {
			isa = XCBuildConfiguration;
			buildSettings = {
				ASSETCATALOG_COMPILER_APPICON_NAME = AppIcon;
				ASSETCATALOG_COMPILER_GLOBAL_ACCENT_COLOR_NAME = AccentColor;
				CODE_SIGN_STYLE = Automatic;
				CURRENT_PROJECT_VERSION = 1;
				DEVELOPMENT_ASSET_PATHS = "\"iosApiClient/Preview Content\"";
				DEVELOPMENT_TEAM = 744F8J6XGK;
				ENABLE_PREVIEWS = YES;
				GENERATE_INFOPLIST_FILE = YES;
				INFOPLIST_FILE = iosApiClient/Info.plist;
				INFOPLIST_KEY_NSCameraUsageDescription = "camera use";
				INFOPLIST_KEY_UIApplicationSceneManifest_Generation = YES;
				INFOPLIST_KEY_UIApplicationSupportsIndirectInputEvents = YES;
				INFOPLIST_KEY_UILaunchScreen_Generation = YES;
				INFOPLIST_KEY_UISupportedInterfaceOrientations_iPad = "UIInterfaceOrientationPortrait UIInterfaceOrientationPortraitUpsideDown UIInterfaceOrientationLandscapeLeft UIInterfaceOrientationLandscapeRight";
				INFOPLIST_KEY_UISupportedInterfaceOrientations_iPhone = "UIInterfaceOrientationPortrait UIInterfaceOrientationLandscapeLeft UIInterfaceOrientationLandscapeRight";
				IPHONEOS_DEPLOYMENT_TARGET = 15.4;
				LD_RUNPATH_SEARCH_PATHS = (
					"$(inherited)",
					"@executable_path/Frameworks",
				);
				MARKETING_VERSION = 1.0;
				PRODUCT_BUNDLE_IDENTIFIER = com.zvco.iosApiClient;
				PRODUCT_NAME = "$(TARGET_NAME)";
				SWIFT_EMIT_LOC_STRINGS = YES;
				SWIFT_VERSION = 5.0;
				TARGETED_DEVICE_FAMILY = "1,2";
			};
			name = Release;
		};
/* End XCBuildConfiguration section */

/* Begin XCConfigurationList section */
		73279E10281B248100B71DBA /* Build configuration list for PBXProject "iosApiClient" */ = {
			isa = XCConfigurationList;
			buildConfigurations = (
				73279E21281B248100B71DBA /* Debug */,
				73279E22281B248100B71DBA /* Release */,
			);
			defaultConfigurationIsVisible = 0;
			defaultConfigurationName = Release;
		};
		73279E23281B248100B71DBA /* Build configuration list for PBXNativeTarget "iosApiClient" */ = {
			isa = XCConfigurationList;
			buildConfigurations = (
				73279E24281B248100B71DBA /* Debug */,
				73279E25281B248100B71DBA /* Release */,
			);
			defaultConfigurationIsVisible = 0;
			defaultConfigurationName = Release;
		};
/* End XCConfigurationList section */

/* Begin XCRemoteSwiftPackageReference section */
		73C23A8D2838780200D2C2A0 /* XCRemoteSwiftPackageReference "ScanBarcodes" */ = {
			isa = XCRemoteSwiftPackageReference;
			repositoryURL = "https://github.com/nasa-jpl/ScanBarcodes.git";
			requirement = {
				kind = upToNextMajorVersion;
				minimumVersion = 1.0.0;
			};
		};
/* End XCRemoteSwiftPackageReference section */

/* Begin XCSwiftPackageProductDependency section */
		73C23A8E2838780200D2C2A0 /* ScanBarcodes */ = {
			isa = XCSwiftPackageProductDependency;
			package = 73C23A8D2838780200D2C2A0 /* XCRemoteSwiftPackageReference "ScanBarcodes" */;
			productName = ScanBarcodes;
		};
/* End XCSwiftPackageProductDependency section */
	};
	rootObject = 73279E0D281B248100B71DBA /* Project object */;
}
